
Microsoft Visual Studio Solution File, Format Version 12.00
# Visual Studio Version 17
VisualStudioVersion = 17.14.36212.18 d17.14
MinimumVisualStudioVersion = 10.0.40219.1
Project("{FAE04EC0-301F-11D3-BF4B-00C04F79EFBC}") = "projetomercafacil", "projetomercafacil.csproj", "{664AEE2A-AED4-44A3-846A-75CAB4547068}"
EndProject
Global
	GlobalSection(SolutionConfigurationPlatforms) = preSolution
		Debug|Any CPU = Debug|Any CPU
		Release|Any CPU = Release|Any CPU
	EndGlobalSection
	GlobalSection(ProjectConfigurationPlatforms) = postSolution
		{664AEE2A-AED4-44A3-846A-75CAB4547068}.Debug|Any CPU.ActiveCfg = Debug|Any CPU
		{664AEE2A-AED4-44A3-846A-75CAB4547068}.Debug|Any CPU.Build.0 = Debug|Any CPU
		{664AEE2A-AED4-44A3-846A-75CAB4547068}.Release|Any CPU.ActiveCfg = Release|Any CPU
		{664AEE2A-AED4-44A3-846A-75CAB4547068}.Release|Any CPU.Build.0 = Release|Any CPU
	EndGlobalSection
	GlobalSection(SolutionProperties) = preSolution
		HideSolutionNode = FALSE
	EndGlobalSection
	GlobalSection(ExtensibilityGlobals) = postSolution
		SolutionGuid = {91F0E187-D839-49B9-93F0-A47C814C95BF}
	EndGlobalSection
EndGlobal
